
Microsoft Visual Studio Solution File, Format Version 12.00
# Visual Studio Version 17
VisualStudioVersion = 17.5.002.0
MinimumVisualStudioVersion = 10.0.40219.1
Project("{9A19103F-16F7-4668-BE54-9A1E7A4F7556}") = "API", "API.csproj", "{D0FD6184-DC89-4A6B-A971-D4D579C18092}"
EndProject
Global
	GlobalSection(SolutionConfigurationPlatforms) = preSolution
		Debug|Any CPU = Debug|Any CPU
		Release|Any CPU = Release|Any CPU
	EndGlobalSection
	GlobalSection(ProjectConfigurationPlatforms) = postSolution
		{D0FD6184-DC89-4A6B-A971-D4D579C18092}.Debug|Any CPU.ActiveCfg = Debug|Any CPU
		{D0FD6184-DC89-4A6B-A971-D4D579C18092}.Debug|Any CPU.Build.0 = Debug|Any CPU
		{D0FD6184-DC89-4A6B-A971-D4D579C18092}.Release|Any CPU.ActiveCfg = Release|Any CPU
		{D0FD6184-DC89-4A6B-A971-D4D579C18092}.Release|Any CPU.Build.0 = Release|Any CPU
	EndGlobalSection
	GlobalSection(SolutionProperties) = preSolution
		HideSolutionNode = FALSE
	EndGlobalSection
	GlobalSection(ExtensibilityGlobals) = postSolution
		SolutionGuid = {129725E4-F24E-4F33-8FD4-483654458E65}
	EndGlobalSection
EndGlobal
